
Microsoft Visual Studio Solution File, Format Version 12.00
# Visual Studio Version 16
VisualStudioVersion = 16.0.30128.74
MinimumVisualStudioVersion = 10.0.40219.1
Project("{FAE04EC0-301F-11D3-BF4B-00C04F79EFBC}") = "ConsoleAppMonolitycznie", "ConsoleAppMonolitycznie\ConsoleAppMonolitycznie.csproj", "{EC35AEB7-14FC-41D7-92AB-C73B020AFC3C}"
EndProject
Project("{FAE04EC0-301F-11D3-BF4B-00C04F79EFBC}") = "ConsoleAppModularnie", "ConsoleAppModularnie\ConsoleAppModularnie.csproj", "{59C8F34B-15B9-4722-B8C2-E2AF3E9AD526}"
EndProject
Global
	GlobalSection(SolutionConfigurationPlatforms) = preSolution
		Debug|Any CPU = Debug|Any CPU
		Release|Any CPU = Release|Any CPU
	EndGlobalSection
	GlobalSection(ProjectConfigurationPlatforms) = postSolution
		{EC35AEB7-14FC-41D7-92AB-C73B020AFC3C}.Debug|Any CPU.ActiveCfg = Debug|Any CPU
		{EC35AEB7-14FC-41D7-92AB-C73B020AFC3C}.Debug|Any CPU.Build.0 = Debug|Any CPU
		{EC35AEB7-14FC-41D7-92AB-C73B020AFC3C}.Release|Any CPU.ActiveCfg = Release|Any CPU
		{EC35AEB7-14FC-41D7-92AB-C73B020AFC3C}.Release|Any CPU.Build.0 = Release|Any CPU
		{59C8F34B-15B9-4722-B8C2-E2AF3E9AD526}.Debug|Any CPU.ActiveCfg = Debug|Any CPU
		{59C8F34B-15B9-4722-B8C2-E2AF3E9AD526}.Debug|Any CPU.Build.0 = Debug|Any CPU
		{59C8F34B-15B9-4722-B8C2-E2AF3E9AD526}.Release|Any CPU.ActiveCfg = Release|Any CPU
		{59C8F34B-15B9-4722-B8C2-E2AF3E9AD526}.Release|Any CPU.Build.0 = Release|Any CPU
	EndGlobalSection
	GlobalSection(SolutionProperties) = preSolution
		HideSolutionNode = FALSE
	EndGlobalSection
	GlobalSection(ExtensibilityGlobals) = postSolution
		SolutionGuid = {0B1FB1FB-790D-486A-9B01-85663154D2F5}
	EndGlobalSection
EndGlobal
